
Microsoft Visual Studio Solution File, Format Version 12.00
# Visual Studio 14
VisualStudioVersion = 14.0.23107.0
MinimumVisualStudioVersion = 10.0.40219.1
Project("{9092AA53-FB77-4645-B42D-1CCCA6BD08BD}") = "AngularJsDemosV2", "AngularJsDemosV2\AngularJsDemosV2.njsproj", "{F8B726E9-9E5B-4E6A-B058-A31F84605A23}"
EndProject
Global
	GlobalSection(SolutionConfigurationPlatforms) = preSolution
		Debug|Any CPU = Debug|Any CPU
		Release|Any CPU = Release|Any CPU
	EndGlobalSection
	GlobalSection(ProjectConfigurationPlatforms) = postSolution
		{F8B726E9-9E5B-4E6A-B058-A31F84605A23}.Debug|Any CPU.ActiveCfg = Debug|Any CPU
		{F8B726E9-9E5B-4E6A-B058-A31F84605A23}.Debug|Any CPU.Build.0 = Debug|Any CPU
		{F8B726E9-9E5B-4E6A-B058-A31F84605A23}.Release|Any CPU.ActiveCfg = Release|Any CPU
		{F8B726E9-9E5B-4E6A-B058-A31F84605A23}.Release|Any CPU.Build.0 = Release|Any CPU
	EndGlobalSection
	GlobalSection(SolutionProperties) = preSolution
		HideSolutionNode = FALSE
	EndGlobalSection
EndGlobal
